
Microsoft Visual Studio Solution File, Format Version 12.00
# Visual Studio 15
VisualStudioVersion = 15.0.27130.2003
MinimumVisualStudioVersion = 10.0.40219.1
Project("{FAE04EC0-301F-11D3-BF4B-00C04F79EFBC}") = "comicBookGallery", "comicBookGallery\comicBookGallery.csproj", "{2A9BC5DE-F8D5-43A0-9189-83BBCDB160BE}"
EndProject
Global
	GlobalSection(SolutionConfigurationPlatforms) = preSolution
		Debug|Any CPU = Debug|Any CPU
		Release|Any CPU = Release|Any CPU
	EndGlobalSection
	GlobalSection(ProjectConfigurationPlatforms) = postSolution
		{2A9BC5DE-F8D5-43A0-9189-83BBCDB160BE}.Debug|Any CPU.ActiveCfg = Debug|Any CPU
		{2A9BC5DE-F8D5-43A0-9189-83BBCDB160BE}.Debug|Any CPU.Build.0 = Debug|Any CPU
		{2A9BC5DE-F8D5-43A0-9189-83BBCDB160BE}.Release|Any CPU.ActiveCfg = Release|Any CPU
		{2A9BC5DE-F8D5-43A0-9189-83BBCDB160BE}.Release|Any CPU.Build.0 = Release|Any CPU
	EndGlobalSection
	GlobalSection(SolutionProperties) = preSolution
		HideSolutionNode = FALSE
	EndGlobalSection
	GlobalSection(ExtensibilityGlobals) = postSolution
		SolutionGuid = {AA93BD24-B480-455F-AA8D-97DAEEF5AEC4}
	EndGlobalSection
EndGlobal
